
Microsoft Visual Studio Solution File, Format Version 12.00
# Visual Studio Version 16
VisualStudioVersion = 16.0.31410.357
MinimumVisualStudioVersion = 10.0.40219.1
Project("{FAE04EC0-301F-11D3-BF4B-00C04F79EFBC}") = "HotelBookings.Console", "HotelBookings.Console.csproj", "{A2C11DA9-D765-4F9A-B273-2D0B42CD5571}"
EndProject
Global
	GlobalSection(SolutionConfigurationPlatforms) = preSolution
		Debug|Any CPU = Debug|Any CPU
		Release|Any CPU = Release|Any CPU
	EndGlobalSection
	GlobalSection(ProjectConfigurationPlatforms) = postSolution
		{A2C11DA9-D765-4F9A-B273-2D0B42CD5571}.Debug|Any CPU.ActiveCfg = Debug|Any CPU
		{A2C11DA9-D765-4F9A-B273-2D0B42CD5571}.Debug|Any CPU.Build.0 = Debug|Any CPU
		{A2C11DA9-D765-4F9A-B273-2D0B42CD5571}.Release|Any CPU.ActiveCfg = Release|Any CPU
		{A2C11DA9-D765-4F9A-B273-2D0B42CD5571}.Release|Any CPU.Build.0 = Release|Any CPU
	EndGlobalSection
	GlobalSection(SolutionProperties) = preSolution
		HideSolutionNode = FALSE
	EndGlobalSection
	GlobalSection(ExtensibilityGlobals) = postSolution
		SolutionGuid = {6D4726D4-E560-4957-8EC2-64A7DC806EEE}
	EndGlobalSection
EndGlobal
